// !$*UTF8*$!
{
	archiveVersion = 1;
	classes = {
	};
	objectVersion = 77;
	objects = {

/* Begin PBXBuildFile section */
		074FA7F5492930AAE004C002 /* XrayService.swift in Sources */ = {isa = PBXBuildFile; fileRef = C34F251D281F592298EF14E6 /* XrayService.swift */; };
		325BD3496E08C0FD5C049997 /* AntiDPISettingsView.swift in Sources */ = {isa = PBXBuildFile; fileRef = BBDF4425BC33780BA288AAB2 /* AntiDPISettingsView.swift */; };
		533B44376806DAECAFFB570C /* ProfilesView.swift in Sources */ = {isa = PBXBuildFile; fileRef = EA84112D548F283CB4719759 /* ProfilesView.swift */; };
		662C1FFD1066C84B7DBC3B00 /* LibXray.xcframework in Embed Frameworks */ = {isa = PBXBuildFile; fileRef = 92D12C5179DA6EA5CE297CFB /* LibXray.xcframework */; settings = {ATTRIBUTES = (CodeSignOnCopy, RemoveHeadersOnCopy, ); }; };
		74BFB8D8A00F7B1611C5FAB5 /* VPNViewModel.swift in Sources */ = {isa = PBXBuildFile; fileRef = 7EFE4216263640560C5C4E61 /* VPNViewModel.swift */; };
		872B36D9B34D74DFF1CC066B /* AntiDPISettings.swift in Sources */ = {isa = PBXBuildFile; fileRef = 44EE8A44D83D2670B55B6490 /* AntiDPISettings.swift */; };
		8EB6D1FA9203AABDBEDCEC55 /* LibXray.xcframework in Frameworks */ = {isa = PBXBuildFile; fileRef = 92D12C5179DA6EA5CE297CFB /* LibXray.xcframework */; };
		92F15DE1DA18534BF40ECE64 /* SettingsView.swift in Sources */ = {isa = PBXBuildFile; fileRef = 1D5060DC524D486F75B03C0A /* SettingsView.swift */; };
		9D86BECFFB28AA12004A3733 /* ProfileEditView.swift in Sources */ = {isa = PBXBuildFile; fileRef = 90DC8C4A1CA527A5703E67EE /* ProfileEditView.swift */; };
		CC90D65A3F878081D1E933D8 /* VPNProfile.swift in Sources */ = {isa = PBXBuildFile; fileRef = AC217AB208E0EB1BB5BB2B24 /* VPNProfile.swift */; };
		DC28438AD7A7141E916681CD /* ConnectView.swift in Sources */ = {isa = PBXBuildFile; fileRef = FCF59F610D8B8E798357D550 /* ConnectView.swift */; };
		E9D2EDB4ADB5A8A56244807D /* ConfigGenerator.swift in Sources */ = {isa = PBXBuildFile; fileRef = C9B6193A2DC95189BD22A913 /* ConfigGenerator.swift */; };
		F7FDB865A701586A59A47F65 /* AntiDPIVPNApp.swift in Sources */ = {isa = PBXBuildFile; fileRef = 9A8EA7544BF2BF50D5A91CFE /* AntiDPIVPNApp.swift */; };
/* End PBXBuildFile section */

/* Begin PBXCopyFilesBuildPhase section */
		9C3483920435FC46DF897F8F /* Embed Frameworks */ = {
			isa = PBXCopyFilesBuildPhase;
			buildActionMask = 2147483647;
			dstPath = "";
			dstSubfolderSpec = 10;
			files = (
				662C1FFD1066C84B7DBC3B00 /* LibXray.xcframework in Embed Frameworks */,
			);
			name = "Embed Frameworks";
			runOnlyForDeploymentPostprocessing = 0;
		};
/* End PBXCopyFilesBuildPhase section */

/* Begin PBXFileReference section */
		1D5060DC524D486F75B03C0A /* SettingsView.swift */ = {isa = PBXFileReference; lastKnownFileType = sourcecode.swift; path = SettingsView.swift; sourceTree = "<group>"; };
		3083C3E82DB8FB4FA8D20983 /* Info.plist */ = {isa = PBXFileReference; lastKnownFileType = text.plist; path = Info.plist; sourceTree = "<group>"; };
		44EE8A44D83D2670B55B6490 /* AntiDPISettings.swift */ = {isa = PBXFileReference; lastKnownFileType = sourcecode.swift; path = AntiDPISettings.swift; sourceTree = "<group>"; };
		7EFE4216263640560C5C4E61 /* VPNViewModel.swift */ = {isa = PBXFileReference; lastKnownFileType = sourcecode.swift; path = VPNViewModel.swift; sourceTree = "<group>"; };
		90DC8C4A1CA527A5703E67EE /* ProfileEditView.swift */ = {isa = PBXFileReference; lastKnownFileType = sourcecode.swift; path = ProfileEditView.swift; sourceTree = "<group>"; };
		92D12C5179DA6EA5CE297CFB /* LibXray.xcframework */ = {isa = PBXFileReference; lastKnownFileType = wrapper.xcframework; path = LibXray.xcframework; sourceTree = "<group>"; };
		9A8EA7544BF2BF50D5A91CFE /* AntiDPIVPNApp.swift */ = {isa = PBXFileReference; lastKnownFileType = sourcecode.swift; path = AntiDPIVPNApp.swift; sourceTree = "<group>"; };
		A1649845428E66AEB3BA0D65 /* AntiDPIVPN-Bridging-Header.h */ = {isa = PBXFileReference; lastKnownFileType = sourcecode.c.h; path = "AntiDPIVPN-Bridging-Header.h"; sourceTree = "<group>"; };
		AC217AB208E0EB1BB5BB2B24 /* VPNProfile.swift */ = {isa = PBXFileReference; lastKnownFileType = sourcecode.swift; path = VPNProfile.swift; sourceTree = "<group>"; };
		BBDF4425BC33780BA288AAB2 /* AntiDPISettingsView.swift */ = {isa = PBXFileReference; lastKnownFileType = sourcecode.swift; path = AntiDPISettingsView.swift; sourceTree = "<group>"; };
		C34F251D281F592298EF14E6 /* XrayService.swift */ = {isa = PBXFileReference; lastKnownFileType = sourcecode.swift; path = XrayService.swift; sourceTree = "<group>"; };
		C91B84761644790715039629 /* AntiDPIVPN.app */ = {isa = PBXFileReference; includeInIndex = 0; lastKnownFileType = wrapper.application; path = AntiDPIVPN.app; sourceTree = BUILT_PRODUCTS_DIR; };
		C9B6193A2DC95189BD22A913 /* ConfigGenerator.swift */ = {isa = PBXFileReference; lastKnownFileType = sourcecode.swift; path = ConfigGenerator.swift; sourceTree = "<group>"; };
		EA84112D548F283CB4719759 /* ProfilesView.swift */ = {isa = PBXFileReference; lastKnownFileType = sourcecode.swift; path = ProfilesView.swift; sourceTree = "<group>"; };
		FCF59F610D8B8E798357D550 /* ConnectView.swift */ = {isa = PBXFileReference; lastKnownFileType = sourcecode.swift; path = ConnectView.swift; sourceTree = "<group>"; };
/* End PBXFileReference section */

/* Begin PBXFrameworksBuildPhase section */
		DA441633AE130516FE9387F8 /* Frameworks */ = {
			isa = PBXFrameworksBuildPhase;
			buildActionMask = 2147483647;
			files = (
				8EB6D1FA9203AABDBEDCEC55 /* LibXray.xcframework in Frameworks */,
			);
			runOnlyForDeploymentPostprocessing = 0;
		};
/* End PBXFrameworksBuildPhase section */

/* Begin PBXGroup section */
		07ECBBA64A65EFDB0A1920E5 /* Services */ = {
			isa = PBXGroup;
			children = (
				C9B6193A2DC95189BD22A913 /* ConfigGenerator.swift */,
				C34F251D281F592298EF14E6 /* XrayService.swift */,
			);
			path = Services;
			sourceTree = "<group>";
		};
		1DFB98CC84BF7ECAD8BAD8D8 = {
			isa = PBXGroup;
			children = (
				5D83574A7A2F38F305E7EB9A /* AntiDPIVPN */,
				9A54A26B10777B9145D45270 /* Frameworks */,
				3F31FF9C0BDE254EDCBB63D5 /* Products */,
			);
			sourceTree = "<group>";
		};
		3F31FF9C0BDE254EDCBB63D5 /* Products */ = {
			isa = PBXGroup;
			children = (
				C91B84761644790715039629 /* AntiDPIVPN.app */,
			);
			name = Products;
			sourceTree = "<group>";
		};
		559FE18D31C56EF08D4A3E8B /* Models */ = {
			isa = PBXGroup;
			children = (
				44EE8A44D83D2670B55B6490 /* AntiDPISettings.swift */,
				AC217AB208E0EB1BB5BB2B24 /* VPNProfile.swift */,
			);
			path = Models;
			sourceTree = "<group>";
		};
		5D83574A7A2F38F305E7EB9A /* AntiDPIVPN */ = {
			isa = PBXGroup;
			children = (
				A1649845428E66AEB3BA0D65 /* AntiDPIVPN-Bridging-Header.h */,
				9A8EA7544BF2BF50D5A91CFE /* AntiDPIVPNApp.swift */,
				3083C3E82DB8FB4FA8D20983 /* Info.plist */,
				559FE18D31C56EF08D4A3E8B /* Models */,
				07ECBBA64A65EFDB0A1920E5 /* Services */,
				FA5099199C0A41A92836992E /* ViewModels */,
				FC76F579A43ECDA510C9D584 /* Views */,
			);
			path = AntiDPIVPN;
			sourceTree = "<group>";
		};
		9A54A26B10777B9145D45270 /* Frameworks */ = {
			isa = PBXGroup;
			children = (
				92D12C5179DA6EA5CE297CFB /* LibXray.xcframework */,
			);
			name = Frameworks;
			sourceTree = "<group>";
		};
		FA5099199C0A41A92836992E /* ViewModels */ = {
			isa = PBXGroup;
			children = (
				7EFE4216263640560C5C4E61 /* VPNViewModel.swift */,
			);
			path = ViewModels;
			sourceTree = "<group>";
		};
		FC76F579A43ECDA510C9D584 /* Views */ = {
			isa = PBXGroup;
			children = (
				BBDF4425BC33780BA288AAB2 /* AntiDPISettingsView.swift */,
				FCF59F610D8B8E798357D550 /* ConnectView.swift */,
				90DC8C4A1CA527A5703E67EE /* ProfileEditView.swift */,
				EA84112D548F283CB4719759 /* ProfilesView.swift */,
				1D5060DC524D486F75B03C0A /* SettingsView.swift */,
			);
			path = Views;
			sourceTree = "<group>";
		};
/* End PBXGroup section */

/* Begin PBXNativeTarget section */
		77DCBBD1DDBB1CBE1BE96A4B /* AntiDPIVPN */ = {
			isa = PBXNativeTarget;
			buildConfigurationList = 533514D48AF306D59CF2816A /* Build configuration list for PBXNativeTarget "AntiDPIVPN" */;
			buildPhases = (
				4D0300AE9D4D4B7763F58843 /* Sources */,
				DA441633AE130516FE9387F8 /* Frameworks */,
				9C3483920435FC46DF897F8F /* Embed Frameworks */,
			);
			buildRules = (
			);
			dependencies = (
			);
			name = AntiDPIVPN;
			packageProductDependencies = (
			);
			productName = AntiDPIVPN;
			productReference = C91B84761644790715039629 /* AntiDPIVPN.app */;
			productType = "com.apple.product-type.application";
		};
/* End PBXNativeTarget section */

/* Begin PBXProject section */
		9404F8E65ED4C72663ECDB52 /* Project object */ = {
			isa = PBXProject;
			attributes = {
				BuildIndependentTargetsInParallel = YES;
				LastUpgradeCheck = 2640;
				TargetAttributes = {
				};
			};
			buildConfigurationList = 02D2AA6916636FA294F64C2F /* Build configuration list for PBXProject "AntiDPIVPN" */;
			developmentRegion = en;
			hasScannedForEncodings = 0;
			knownRegions = (
				Base,
				en,
			);
			mainGroup = 1DFB98CC84BF7ECAD8BAD8D8;
			minimizedProjectReferenceProxies = 1;
			preferredProjectObjectVersion = 77;
			productRefGroup = 3F31FF9C0BDE254EDCBB63D5 /* Products */;
			projectDirPath = "";
			projectRoot = "";
			targets = (
				77DCBBD1DDBB1CBE1BE96A4B /* AntiDPIVPN */,
			);
		};
/* End PBXProject section */

/* Begin PBXSourcesBuildPhase section */
		4D0300AE9D4D4B7763F58843 /* Sources */ = {
			isa = PBXSourcesBuildPhase;
			buildActionMask = 2147483647;
			files = (
				872B36D9B34D74DFF1CC066B /* AntiDPISettings.swift in Sources */,
				325BD3496E08C0FD5C049997 /* AntiDPISettingsView.swift in Sources */,
				F7FDB865A701586A59A47F65 /* AntiDPIVPNApp.swift in Sources */,
				E9D2EDB4ADB5A8A56244807D /* ConfigGenerator.swift in Sources */,
				DC28438AD7A7141E916681CD /* ConnectView.swift in Sources */,
				9D86BECFFB28AA12004A3733 /* ProfileEditView.swift in Sources */,
				533B44376806DAECAFFB570C /* ProfilesView.swift in Sources */,
				92F15DE1DA18534BF40ECE64 /* SettingsView.swift in Sources */,
				CC90D65A3F878081D1E933D8 /* VPNProfile.swift in Sources */,
				74BFB8D8A00F7B1611C5FAB5 /* VPNViewModel.swift in Sources */,
				074FA7F5492930AAE004C002 /* XrayService.swift in Sources */,
			);
			runOnlyForDeploymentPostprocessing = 0;
		};
/* End PBXSourcesBuildPhase section */

/* Begin XCBuildConfiguration section */
		3E7F0345F2B3BFD1F83338C7 /* Debug */ = {
			isa = XCBuildConfiguration;
			buildSettings = {
				ALWAYS_SEARCH_USER_PATHS = NO;
				CLANG_ANALYZER_NONNULL = YES;
				CLANG_ANALYZER_NUMBER_OBJECT_CONVERSION = YES_AGGRESSIVE;
				CLANG_CXX_LANGUAGE_STANDARD = "gnu++14";
				CLANG_CXX_LIBRARY = "libc++";
				CLANG_ENABLE_MODULES = YES;
				CLANG_ENABLE_OBJC_ARC = YES;
				CLANG_ENABLE_OBJC_WEAK = YES;
				CLANG_WARN_BLOCK_CAPTURE_AUTORELEASING = YES;
				CLANG_WARN_BOOL_CONVERSION = YES;
				CLANG_WARN_COMMA = YES;
				CLANG_WARN_CONSTANT_CONVERSION = YES;
				CLANG_WARN_DEPRECATED_OBJC_IMPLEMENTATIONS = YES;
				CLANG_WARN_DIRECT_OBJC_ISA_USAGE = YES_ERROR;
				CLANG_WARN_DOCUMENTATION_COMMENTS = YES;
				CLANG_WARN_EMPTY_BODY = YES;
				CLANG_WARN_ENUM_CONVERSION = YES;
				CLANG_WARN_INFINITE_RECURSION = YES;
				CLANG_WARN_INT_CONVERSION = YES;
				CLANG_WARN_NON_LITERAL_NULL_CONVERSION = YES;
				CLANG_WARN_OBJC_IMPLICIT_RETAIN_SELF = YES;
				CLANG_WARN_OBJC_LITERAL_CONVERSION = YES;
				CLANG_WARN_OBJC_ROOT_CLASS = YES_ERROR;
				CLANG_WARN_QUOTED_INCLUDE_IN_FRAMEWORK_HEADER = YES;
				CLANG_WARN_RANGE_LOOP_ANALYSIS = YES;
				CLANG_WARN_STRICT_PROTOTYPES = YES;
				CLANG_WARN_SUSPICIOUS_MOVE = YES;
				CLANG_WARN_UNGUARDED_AVAILABILITY = YES_AGGRESSIVE;
				CLANG_WARN_UNREACHABLE_CODE = YES;
				CLANG_WARN__DUPLICATE_METHOD_MATCH = YES;
				COPY_PHASE_STRIP = NO;
				DEBUG_INFORMATION_FORMAT = dwarf;
				ENABLE_STRICT_OBJC_MSGSEND = YES;
				ENABLE_TESTABILITY = YES;
				GCC_C_LANGUAGE_STANDARD = gnu11;
				GCC_DYNAMIC_NO_PIC = NO;
				GCC_NO_COMMON_BLOCKS = YES;
				GCC_OPTIMIZATION_LEVEL = 0;
				GCC_PREPROCESSOR_DEFINITIONS = (
					"$(inherited)",
					"DEBUG=1",
				);
				GCC_WARN_64_TO_32_BIT_CONVERSION = YES;
				GCC_WARN_ABOUT_RETURN_TYPE = YES_ERROR;
				GCC_WARN_UNDECLARED_SELECTOR = YES;
				GCC_WARN_UNINITIALIZED_AUTOS = YES_AGGRESSIVE;
				GCC_WARN_UNUSED_FUNCTION = YES;
				GCC_WARN_UNUSED_VARIABLE = YES;
				IPHONEOS_DEPLOYMENT_TARGET = 18.0;
				MTL_ENABLE_DEBUG_INFO = INCLUDE_SOURCE;
				MTL_FAST_MATH = YES;
				ONLY_ACTIVE_ARCH = YES;
				PRODUCT_NAME = "$(TARGET_NAME)";
				SDKROOT = iphoneos;
				SWIFT_ACTIVE_COMPILATION_CONDITIONS = DEBUG;
				SWIFT_OPTIMIZATION_LEVEL = "-Onone";
				SWIFT_VERSION = 5.0;
			};
			name = Debug;
		};
		C9669CF280482C343B5E77DC /* Release */ = {
			isa = XCBuildConfiguration;
			buildSettings = {
				ALWAYS_SEARCH_USER_PATHS = NO;
				CLANG_ANALYZER_NONNULL = YES;
				CLANG_ANALYZER_NUMBER_OBJECT_CONVERSION = YES_AGGRESSIVE;
				CLANG_CXX_LANGUAGE_STANDARD = "gnu++14";
				CLANG_CXX_LIBRARY = "libc++";
				CLANG_ENABLE_MODULES = YES;
				CLANG_ENABLE_OBJC_ARC = YES;
				CLANG_ENABLE_OBJC_WEAK = YES;
				CLANG_WARN_BLOCK_CAPTURE_AUTORELEASING = YES;
				CLANG_WARN_BOOL_CONVERSION = YES;
				CLANG_WARN_COMMA = YES;
				CLANG_WARN_CONSTANT_CONVERSION = YES;
				CLANG_WARN_DEPRECATED_OBJC_IMPLEMENTATIONS = YES;
				CLANG_WARN_DIRECT_OBJC_ISA_USAGE = YES_ERROR;
				CLANG_WARN_DOCUMENTATION_COMMENTS = YES;
				CLANG_WARN_EMPTY_BODY = YES;
				CLANG_WARN_ENUM_CONVERSION = YES;
				CLANG_WARN_INFINITE_RECURSION = YES;
				CLANG_WARN_INT_CONVERSION = YES;
				CLANG_WARN_NON_LITERAL_NULL_CONVERSION = YES;
				CLANG_WARN_OBJC_IMPLICIT_RETAIN_SELF = YES;
				CLANG_WARN_OBJC_LITERAL_CONVERSION = YES;
				CLANG_WARN_OBJC_ROOT_CLASS = YES_ERROR;
				CLANG_WARN_QUOTED_INCLUDE_IN_FRAMEWORK_HEADER = YES;
				CLANG_WARN_RANGE_LOOP_ANALYSIS = YES;
				CLANG_WARN_STRICT_PROTOTYPES = YES;
				CLANG_WARN_SUSPICIOUS_MOVE = YES;
				CLANG_WARN_UNGUARDED_AVAILABILITY = YES_AGGRESSIVE;
				CLANG_WARN_UNREACHABLE_CODE = YES;
				CLANG_WARN__DUPLICATE_METHOD_MATCH = YES;
				COPY_PHASE_STRIP = NO;
				DEBUG_INFORMATION_FORMAT = "dwarf-with-dsym";
				ENABLE_NS_ASSERTIONS = NO;
				ENABLE_STRICT_OBJC_MSGSEND = YES;
				GCC_C_LANGUAGE_STANDARD = gnu11;
				GCC_NO_COMMON_BLOCKS = YES;
				GCC_WARN_64_TO_32_BIT_CONVERSION = YES;
				GCC_WARN_ABOUT_RETURN_TYPE = YES_ERROR;
				GCC_WARN_UNDECLARED_SELECTOR = YES;
				GCC_WARN_UNINITIALIZED_AUTOS = YES_AGGRESSIVE;
				GCC_WARN_UNUSED_FUNCTION = YES;
				GCC_WARN_UNUSED_VARIABLE = YES;
				IPHONEOS_DEPLOYMENT_TARGET = 18.0;
				MTL_ENABLE_DEBUG_INFO = NO;
				MTL_FAST_MATH = YES;
				PRODUCT_NAME = "$(TARGET_NAME)";
				SDKROOT = iphoneos;
				SWIFT_COMPILATION_MODE = wholemodule;
				SWIFT_OPTIMIZATION_LEVEL = "-O";
				SWIFT_VERSION = 5.0;
			};
			name = Release;
		};
		E935F629688E1590B1B5A4FE /* Release */ = {
			isa = XCBuildConfiguration;
			buildSettings = {
				ASSETCATALOG_COMPILER_APPICON_NAME = AppIcon;
				CODE_SIGNING_ALLOWED = NO;
				CODE_SIGN_IDENTITY = "iPhone Developer";
				FRAMEWORK_SEARCH_PATHS = (
					"$(PROJECT_DIR)",
					"\".\"",
				);
				INFOPLIST_FILE = AntiDPIVPN/Info.plist;
				LD_RUNPATH_SEARCH_PATHS = "@executable_path/Frameworks";
				OTHER_LDFLAGS = (
					"-lresolv",
				);
				PRODUCT_BUNDLE_IDENTIFIER = com.truvvor.antidpivpn;
				SDKROOT = iphoneos;
				SWIFT_OBJC_BRIDGING_HEADER = "AntiDPIVPN/AntiDPIVPN-Bridging-Header.h";
				SWIFT_VERSION = 5.9;
				TARGETED_DEVICE_FAMILY = "1,2";
			};
			name = Release;
		};
		F5A719F1DE1F1E1D4D85506A /* Debug */ = {
			isa = XCBuildConfiguration;
			buildSettings = {
				ASSETCATALOG_COMPILER_APPICON_NAME = AppIcon;
				CODE_SIGNING_ALLOWED = NO;
				CODE_SIGN_IDENTITY = "iPhone Developer";
				FRAMEWORK_SEARCH_PATHS = (
					"$(PROJECT_DIR)",
					"\".\"",
				);
				INFOPLIST_FILE = AntiDPIVPN/Info.plist;
				LD_RUNPATH_SEARCH_PATHS = "@executable_path/Frameworks";
				OTHER_LDFLAGS = (
					"-lresolv",
				);
				PRODUCT_BUNDLE_IDENTIFIER = com.truvvor.antidpivpn;
				SDKROOT = iphoneos;
				SWIFT_OBJC_BRIDGING_HEADER = "AntiDPIVPN/AntiDPIVPN-Bridging-Header.h";
				SWIFT_VERSION = 5.9;
				TARGETED_DEVICE_FAMILY = "1,2";
			};
			name = Debug;
		};
/* End XCBuildConfiguration section */

/* Begin XCConfigurationList section */
		02D2AA6916636FA294F64C2F /* Build configuration list for PBXProject "AntiDPIVPN" */ = {
			isa = XCConfigurationList;
			buildConfigurations = (
				3E7F0345F2B3BFD1F83338C7 /* Debug */,
				C9669CF280482C343B5E77DC /* Release */,
			);
			defaultConfigurationIsVisible = 0;
			defaultConfigurationName = Debug;
		};
		533514D48AF306D59CF2816A /* Build configuration list for PBXNativeTarget "AntiDPIVPN" */ = {
			isa = XCConfigurationList;
			buildConfigurations = (
				F5A719F1DE1F1E1D4D85506A /* Debug */,
				E935F629688E1590B1B5A4FE /* Release */,
			);
			defaultConfigurationIsVisible = 0;
			defaultConfigurationName = Debug;
		};
/* End XCConfigurationList section */
	};
	rootObject = 9404F8E65ED4C72663ECDB52 /* Project object */;
}
