// !$*UTF8*$!
{
	archiveVersion = 1;
	classes = {
	};
	objectVersion = 77;
	objects = {

/* Begin PBXBuildFile section */
		00E50E924788BB856674FA8F /* VLESSURLParser.swift in Sources */ = {isa = PBXBuildFile; fileRef = 2AD10C25667B4CE7C78E6B9D /* VLESSURLParser.swift */; };
		1B197B389DB1AE755EDA9BD3 /* LibXray.xcframework in Frameworks */ = {isa = PBXBuildFile; fileRef = 92D12C5179DA6EA5CE297CFB /* LibXray.xcframework */; };
		325BD3496E08C0FD5C049997 /* AntiDPISettingsView.swift in Sources */ = {isa = PBXBuildFile; fileRef = BBDF4425BC33780BA288AAB2 /* AntiDPISettingsView.swift */; };
		4DC28A07F4A1B0379F33CC00 /* Assets.xcassets in Resources */ = {isa = PBXBuildFile; fileRef = 3E73AF3D9521853032E7DA74 /* Assets.xcassets */; };
		51F751A137485D9A7BFB0E15 /* PacketTunnelProvider.swift in Sources */ = {isa = PBXBuildFile; fileRef = CBC5F059AB01B17FF30C3615 /* PacketTunnelProvider.swift */; };
		533B44376806DAECAFFB570C /* ProfilesView.swift in Sources */ = {isa = PBXBuildFile; fileRef = EA84112D548F283CB4719759 /* ProfilesView.swift */; };
		55B770B19187D6B4A3158905 /* VPNManager.swift in Sources */ = {isa = PBXBuildFile; fileRef = A06439C4642DA0542D90862B /* VPNManager.swift */; };
		662C1FFD1066C84B7DBC3B00 /* LibXray.xcframework in Embed Frameworks */ = {isa = PBXBuildFile; fileRef = 92D12C5179DA6EA5CE297CFB /* LibXray.xcframework */; settings = {ATTRIBUTES = (CodeSignOnCopy, RemoveHeadersOnCopy, ); }; };
		7276552D61BC6AB3EA0ECEAE /* PacketTunnelExtension.appex in Embed Foundation Extensions */ = {isa = PBXBuildFile; fileRef = 482B95CEB125D8124C1A6933 /* PacketTunnelExtension.appex */; settings = {ATTRIBUTES = (RemoveHeadersOnCopy, ); }; };
		74BFB8D8A00F7B1611C5FAB5 /* VPNViewModel.swift in Sources */ = {isa = PBXBuildFile; fileRef = 7EFE4216263640560C5C4E61 /* VPNViewModel.swift */; };
		872B36D9B34D74DFF1CC066B /* AntiDPISettings.swift in Sources */ = {isa = PBXBuildFile; fileRef = 44EE8A44D83D2670B55B6490 /* AntiDPISettings.swift */; };
		8EB6D1FA9203AABDBEDCEC55 /* LibXray.xcframework in Frameworks */ = {isa = PBXBuildFile; fileRef = 92D12C5179DA6EA5CE297CFB /* LibXray.xcframework */; };
		92F15DE1DA18534BF40ECE64 /* SettingsView.swift in Sources */ = {isa = PBXBuildFile; fileRef = 1D5060DC524D486F75B03C0A /* SettingsView.swift */; };
		9D86BECFFB28AA12004A3733 /* ProfileEditView.swift in Sources */ = {isa = PBXBuildFile; fileRef = 90DC8C4A1CA527A5703E67EE /* ProfileEditView.swift */; };
		CC90D65A3F878081D1E933D8 /* VPNProfile.swift in Sources */ = {isa = PBXBuildFile; fileRef = AC217AB208E0EB1BB5BB2B24 /* VPNProfile.swift */; };
		CD75B03F2550BF141C1261C4 /* HevSocks5Tunnel.xcframework in Frameworks */ = {isa = PBXBuildFile; fileRef = 1A2E2E0E2C4BB3ADF23E1738 /* HevSocks5Tunnel.xcframework */; };
		DC28438AD7A7141E916681CD /* ConnectView.swift in Sources */ = {isa = PBXBuildFile; fileRef = FCF59F610D8B8E798357D550 /* ConnectView.swift */; };
		E9D2EDB4ADB5A8A56244807D /* ConfigGenerator.swift in Sources */ = {isa = PBXBuildFile; fileRef = C9B6193A2DC95189BD22A913 /* ConfigGenerator.swift */; };
		F7FDB865A701586A59A47F65 /* AntiDPIVPNApp.swift in Sources */ = {isa = PBXBuildFile; fileRef = 9A8EA7544BF2BF50D5A91CFE /* AntiDPIVPNApp.swift */; };
/* End PBXBuildFile section */

/* Begin PBXContainerItemProxy section */
		FF955AD764F41EB88AE9DA11 /* PBXContainerItemProxy */ = {
			isa = PBXContainerItemProxy;
			containerPortal = 9404F8E65ED4C72663ECDB52 /* Project object */;
			proxyType = 1;
			remoteGlobalIDString = 76B58227E08BA4CC2563C5CC;
			remoteInfo = PacketTunnelExtension;
		};
/* End PBXContainerItemProxy section */

/* Begin PBXCopyFilesBuildPhase section */
		63D8324BE35064BEB7658FDE /* Embed Foundation Extensions */ = {
			isa = PBXCopyFilesBuildPhase;
			buildActionMask = 2147483647;
			dstPath = "";
			dstSubfolderSpec = 13;
			files = (
				7276552D61BC6AB3EA0ECEAE /* PacketTunnelExtension.appex in Embed Foundation Extensions */,
			);
			name = "Embed Foundation Extensions";
			runOnlyForDeploymentPostprocessing = 0;
		};
		9C3483920435FC46DF897F8F /* Embed Frameworks */ = {
			isa = PBXCopyFilesBuildPhase;
			buildActionMask = 2147483647;
			dstPath = "";
			dstSubfolderSpec = 10;
			files = (
				662C1FFD1066C84B7DBC3B00 /* LibXray.xcframework in Embed Frameworks */,
			);
			name = "Embed Frameworks";
			runOnlyForDeploymentPostprocessing = 0;
		};
/* End PBXCopyFilesBuildPhase section */

/* Begin PBXFileReference section */
		1A2E2E0E2C4BB3ADF23E1738 /* HevSocks5Tunnel.xcframework */ = {isa = PBXFileReference; lastKnownFileType = wrapper.xcframework; path = HevSocks5Tunnel.xcframework; sourceTree = "<group>"; };
		1D5060DC524D486F75B03C0A /* SettingsView.swift */ = {isa = PBXFileReference; lastKnownFileType = sourcecode.swift; path = SettingsView.swift; sourceTree = "<group>"; };
		2AD10C25667B4CE7C78E6B9D /* VLESSURLParser.swift */ = {isa = PBXFileReference; lastKnownFileType = sourcecode.swift; path = VLESSURLParser.swift; sourceTree = "<group>"; };
		3083C3E82DB8FB4FA8D20983 /* Info.plist */ = {isa = PBXFileReference; lastKnownFileType = text.plist; path = Info.plist; sourceTree = "<group>"; };
		37F31ACBA6ECA9C57CDA2B80 /* PacketTunnelExtension.entitlements */ = {isa = PBXFileReference; lastKnownFileType = text.plist.entitlements; path = PacketTunnelExtension.entitlements; sourceTree = "<group>"; };
		3E73AF3D9521853032E7DA74 /* Assets.xcassets */ = {isa = PBXFileReference; lastKnownFileType = folder.assetcatalog; path = Assets.xcassets; sourceTree = "<group>"; };
		44EE8A44D83D2670B55B6490 /* AntiDPISettings.swift */ = {isa = PBXFileReference; lastKnownFileType = sourcecode.swift; path = AntiDPISettings.swift; sourceTree = "<group>"; };
		482B95CEB125D8124C1A6933 /* PacketTunnelExtension.appex */ = {isa = PBXFileReference; includeInIndex = 0; lastKnownFileType = "wrapper.app-extension"; path = PacketTunnelExtension.appex; sourceTree = BUILT_PRODUCTS_DIR; };
		4D99CB00F82258A0AA20810C /* AntiDPIVPN.entitlements */ = {isa = PBXFileReference; lastKnownFileType = text.plist.entitlements; path = AntiDPIVPN.entitlements; sourceTree = "<group>"; };
		7371575B1651191E504D7A4F /* Info.plist */ = {isa = PBXFileReference; lastKnownFileType = text.plist; path = Info.plist; sourceTree = "<group>"; };
		7EFE4216263640560C5C4E61 /* VPNViewModel.swift */ = {isa = PBXFileReference; lastKnownFileType = sourcecode.swift; path = VPNViewModel.swift; sourceTree = "<group>"; };
		90DC8C4A1CA527A5703E67EE /* ProfileEditView.swift */ = {isa = PBXFileReference; lastKnownFileType = sourcecode.swift; path = ProfileEditView.swift; sourceTree = "<group>"; };
		92D12C5179DA6EA5CE297CFB /* LibXray.xcframework */ = {isa = PBXFileReference; lastKnownFileType = wrapper.xcframework; path = LibXray.xcframework; sourceTree = "<group>"; };
		9A8EA7544BF2BF50D5A91CFE /* AntiDPIVPNApp.swift */ = {isa = PBXFileReference; lastKnownFileType = sourcecode.swift; path = AntiDPIVPNApp.swift; sourceTree = "<group>"; };
		A06439C4642DA0542D90862B /* VPNManager.swift */ = {isa = PBXFileReference; lastKnownFileType = sourcecode.swift; path = VPNManager.swift; sourceTree = "<group>"; };
		A1649845428E66AEB3BA0D65 /* AntiDPIVPN-Bridging-Header.h */ = {isa = PBXFileReference; lastKnownFileType = sourcecode.c.h; path = "AntiDPIVPN-Bridging-Header.h"; sourceTree = "<group>"; };
		AC217AB208E0EB1BB5BB2B24 /* VPNProfile.swift */ = {isa = PBXFileReference; lastKnownFileType = sourcecode.swift; path = VPNProfile.swift; sourceTree = "<group>"; };
		AD51E410A3C57B0A43903927 /* PacketTunnelExtension-Bridging-Header.h */ = {isa = PBXFileReference; lastKnownFileType = sourcecode.c.h; path = "PacketTunnelExtension-Bridging-Header.h"; sourceTree = "<group>"; };
		BBDF4425BC33780BA288AAB2 /* AntiDPISettingsView.swift */ = {isa = PBXFileReference; lastKnownFileType = sourcecode.swift; path = AntiDPISettingsView.swift; sourceTree = "<group>"; };
		C91B84761644790715039629 /* AntiDPIVPN.app */ = {isa = PBXFileReference; includeInIndex = 0; lastKnownFileType = wrapper.application; path = AntiDPIVPN.app; sourceTree = BUILT_PRODUCTS_DIR; };
		C9B6193A2DC95189BD22A913 /* ConfigGenerator.swift */ = {isa = PBXFileReference; lastKnownFileType = sourcecode.swift; path = ConfigGenerator.swift; sourceTree = "<group>"; };
		CBC5F059AB01B17FF30C3615 /* PacketTunnelProvider.swift */ = {isa = PBXFileReference; lastKnownFileType = sourcecode.swift; path = PacketTunnelProvider.swift; sourceTree = "<group>"; };
		EA84112D548F283CB4719759 /* ProfilesView.swift */ = {isa = PBXFileReference; lastKnownFileType = sourcecode.swift; path = ProfilesView.swift; sourceTree = "<group>"; };
		FCF59F610D8B8E798357D550 /* ConnectView.swift */ = {isa = PBXFileReference; lastKnownFileType = sourcecode.swift; path = ConnectView.swift; sourceTree = "<group>"; };
/* End PBXFileReference section */

/* Begin PBXFrameworksBuildPhase section */
		544F99376A3414CC27A36871 /* Frameworks */ = {
			isa = PBXFrameworksBuildPhase;
			buildActionMask = 2147483647;
			files = (
				1B197B389DB1AE755EDA9BD3 /* LibXray.xcframework in Frameworks */,
				CD75B03F2550BF141C1261C4 /* HevSocks5Tunnel.xcframework in Frameworks */,
			);
			runOnlyForDeploymentPostprocessing = 0;
		};
		DA441633AE130516FE9387F8 /* Frameworks */ = {
			isa = PBXFrameworksBuildPhase;
			buildActionMask = 2147483647;
			files = (
				8EB6D1FA9203AABDBEDCEC55 /* LibXray.xcframework in Frameworks */,
			);
			runOnlyForDeploymentPostprocessing = 0;
		};
/* End PBXFrameworksBuildPhase section */

/* Begin PBXGroup section */
		07ECBBA64A65EFDB0A1920E5 /* Services */ = {
			isa = PBXGroup;
			children = (
				C9B6193A2DC95189BD22A913 /* ConfigGenerator.swift */,
				2AD10C25667B4CE7C78E6B9D /* VLESSURLParser.swift */,
				A06439C4642DA0542D90862B /* VPNManager.swift */,
			);
			path = Services;
			sourceTree = "<group>";
		};
		1DFB98CC84BF7ECAD8BAD8D8 = {
			isa = PBXGroup;
			children = (
				5D83574A7A2F38F305E7EB9A /* AntiDPIVPN */,
				649C7CEEF38F90273028C91B /* PacketTunnelExtension */,
				9A54A26B10777B9145D45270 /* Frameworks */,
				3F31FF9C0BDE254EDCBB63D5 /* Products */,
			);
			sourceTree = "<group>";
		};
		3F31FF9C0BDE254EDCBB63D5 /* Products */ = {
			isa = PBXGroup;
			children = (
				C91B84761644790715039629 /* AntiDPIVPN.app */,
				482B95CEB125D8124C1A6933 /* PacketTunnelExtension.appex */,
			);
			name = Products;
			sourceTree = "<group>";
		};
		559FE18D31C56EF08D4A3E8B /* Models */ = {
			isa = PBXGroup;
			children = (
				44EE8A44D83D2670B55B6490 /* AntiDPISettings.swift */,
				AC217AB208E0EB1BB5BB2B24 /* VPNProfile.swift */,
			);
			path = Models;
			sourceTree = "<group>";
		};
		5D83574A7A2F38F305E7EB9A /* AntiDPIVPN */ = {
			isa = PBXGroup;
			children = (
				A1649845428E66AEB3BA0D65 /* AntiDPIVPN-Bridging-Header.h */,
				4D99CB00F82258A0AA20810C /* AntiDPIVPN.entitlements */,
				9A8EA7544BF2BF50D5A91CFE /* AntiDPIVPNApp.swift */,
				3E73AF3D9521853032E7DA74 /* Assets.xcassets */,
				3083C3E82DB8FB4FA8D20983 /* Info.plist */,
				559FE18D31C56EF08D4A3E8B /* Models */,
				07ECBBA64A65EFDB0A1920E5 /* Services */,
				FA5099199C0A41A92836992E /* ViewModels */,
				FC76F579A43ECDA510C9D584 /* Views */,
			);
			path = AntiDPIVPN;
			sourceTree = "<group>";
		};
		649C7CEEF38F90273028C91B /* PacketTunnelExtension */ = {
			isa = PBXGroup;
			children = (
				7371575B1651191E504D7A4F /* Info.plist */,
				AD51E410A3C57B0A43903927 /* PacketTunnelExtension-Bridging-Header.h */,
				37F31ACBA6ECA9C57CDA2B80 /* PacketTunnelExtension.entitlements */,
				CBC5F059AB01B17FF30C3615 /* PacketTunnelProvider.swift */,
			);
			path = PacketTunnelExtension;
			sourceTree = "<group>";
		};
		9A54A26B10777B9145D45270 /* Frameworks */ = {
			isa = PBXGroup;
			children = (
				1A2E2E0E2C4BB3ADF23E1738 /* HevSocks5Tunnel.xcframework */,
				92D12C5179DA6EA5CE297CFB /* LibXray.xcframework */,
			);
			name = Frameworks;
			sourceTree = "<group>";
		};
		FA5099199C0A41A92836992E /* ViewModels */ = {
			isa = PBXGroup;
			children = (
				7EFE4216263640560C5C4E61 /* VPNViewModel.swift */,
			);
			path = ViewModels;
			sourceTree = "<group>";
		};
		FC76F579A43ECDA510C9D584 /* Views */ = {
			isa = PBXGroup;
			children = (
				BBDF4425BC33780BA288AAB2 /* AntiDPISettingsView.swift */,
				FCF59F610D8B8E798357D550 /* ConnectView.swift */,
				90DC8C4A1CA527A5703E67EE /* ProfileEditView.swift */,
				EA84112D548F283CB4719759 /* ProfilesView.swift */,
				1D5060DC524D486F75B03C0A /* SettingsView.swift */,
			);
			path = Views;
			sourceTree = "<group>";
		};
/* End PBXGroup section */

/* Begin PBXNativeTarget section */
		76B58227E08BA4CC2563C5CC /* PacketTunnelExtension */ = {
			isa = PBXNativeTarget;
			buildConfigurationList = E00BD005E2D667B7CBF648DF /* Build configuration list for PBXNativeTarget "PacketTunnelExtension" */;
			buildPhases = (
				060C53E436AE8D356318CEAA /* Sources */,
				544F99376A3414CC27A36871 /* Frameworks */,
			);
			buildRules = (
			);
			dependencies = (
			);
			name = PacketTunnelExtension;
			packageProductDependencies = (
			);
			productName = PacketTunnelExtension;
			productReference = 482B95CEB125D8124C1A6933 /* PacketTunnelExtension.appex */;
			productType = "com.apple.product-type.app-extension";
		};
		77DCBBD1DDBB1CBE1BE96A4B /* AntiDPIVPN */ = {
			isa = PBXNativeTarget;
			buildConfigurationList = 533514D48AF306D59CF2816A /* Build configuration list for PBXNativeTarget "AntiDPIVPN" */;
			buildPhases = (
				4D0300AE9D4D4B7763F58843 /* Sources */,
				91BBBAC9A5860355185AA615 /* Resources */,
				DA441633AE130516FE9387F8 /* Frameworks */,
				63D8324BE35064BEB7658FDE /* Embed Foundation Extensions */,
				9C3483920435FC46DF897F8F /* Embed Frameworks */,
			);
			buildRules = (
			);
			dependencies = (
				A3BA1211BE54F739707789C7 /* PBXTargetDependency */,
			);
			name = AntiDPIVPN;
			packageProductDependencies = (
			);
			productName = AntiDPIVPN;
			productReference = C91B84761644790715039629 /* AntiDPIVPN.app */;
			productType = "com.apple.product-type.application";
		};
/* End PBXNativeTarget section */

/* Begin PBXProject section */
		9404F8E65ED4C72663ECDB52 /* Project object */ = {
			isa = PBXProject;
			attributes = {
				BuildIndependentTargetsInParallel = YES;
				LastUpgradeCheck = 2640;
				TargetAttributes = {
					76B58227E08BA4CC2563C5CC = {
						DevelopmentTeam = WJWU38ALPB;
						ProvisioningStyle = Automatic;
					};
					77DCBBD1DDBB1CBE1BE96A4B = {
						DevelopmentTeam = WJWU38ALPB;
						ProvisioningStyle = Automatic;
					};
				};
			};
			buildConfigurationList = 02D2AA6916636FA294F64C2F /* Build configuration list for PBXProject "AntiDPIVPN" */;
			developmentRegion = en;
			hasScannedForEncodings = 0;
			knownRegions = (
				Base,
				en,
			);
			mainGroup = 1DFB98CC84BF7ECAD8BAD8D8;
			minimizedProjectReferenceProxies = 1;
			preferredProjectObjectVersion = 77;
			productRefGroup = 3F31FF9C0BDE254EDCBB63D5 /* Products */;
			projectDirPath = "";
			projectRoot = "";
			targets = (
				77DCBBD1DDBB1CBE1BE96A4B /* AntiDPIVPN */,
				76B58227E08BA4CC2563C5CC /* PacketTunnelExtension */,
			);
		};
/* End PBXProject section */

/* Begin PBXResourcesBuildPhase section */
		91BBBAC9A5860355185AA615 /* Resources */ = {
			isa = PBXResourcesBuildPhase;
			buildActionMask = 2147483647;
			files = (
				4DC28A07F4A1B0379F33CC00 /* Assets.xcassets in Resources */,
			);
			runOnlyForDeploymentPostprocessing = 0;
		};
/* End PBXResourcesBuildPhase section */

/* Begin PBXSourcesBuildPhase section */
		060C53E436AE8D356318CEAA /* Sources */ = {
			isa = PBXSourcesBuildPhase;
			buildActionMask = 2147483647;
			files = (
				51F751A137485D9A7BFB0E15 /* PacketTunnelProvider.swift in Sources */,
			);
			runOnlyForDeploymentPostprocessing = 0;
		};
		4D0300AE9D4D4B7763F58843 /* Sources */ = {
			isa = PBXSourcesBuildPhase;
			buildActionMask = 2147483647;
			files = (
				872B36D9B34D74DFF1CC066B /* AntiDPISettings.swift in Sources */,
				325BD3496E08C0FD5C049997 /* AntiDPISettingsView.swift in Sources */,
				F7FDB865A701586A59A47F65 /* AntiDPIVPNApp.swift in Sources */,
				E9D2EDB4ADB5A8A56244807D /* ConfigGenerator.swift in Sources */,
				DC28438AD7A7141E916681CD /* ConnectView.swift in Sources */,
				9D86BECFFB28AA12004A3733 /* ProfileEditView.swift in Sources */,
				533B44376806DAECAFFB570C /* ProfilesView.swift in Sources */,
				92F15DE1DA18534BF40ECE64 /* SettingsView.swift in Sources */,
				00E50E924788BB856674FA8F /* VLESSURLParser.swift in Sources */,
				55B770B19187D6B4A3158905 /* VPNManager.swift in Sources */,
				CC90D65A3F878081D1E933D8 /* VPNProfile.swift in Sources */,
				74BFB8D8A00F7B1611C5FAB5 /* VPNViewModel.swift in Sources */,
			);
			runOnlyForDeploymentPostprocessing = 0;
		};
/* End PBXSourcesBuildPhase section */

/* Begin PBXTargetDependency section */
		A3BA1211BE54F739707789C7 /* PBXTargetDependency */ = {
			isa = PBXTargetDependency;
			target = 76B58227E08BA4CC2563C5CC /* PacketTunnelExtension */;
			targetProxy = FF955AD764F41EB88AE9DA11 /* PBXContainerItemProxy */;
		};
/* End PBXTargetDependency section */

/* Begin XCBuildConfiguration section */
		077E50B73F0275486C0B3C24 /* Release */ = {
			isa = XCBuildConfiguration;
			buildSettings = {
				CODE_SIGN_ENTITLEMENTS = PacketTunnelExtension/PacketTunnelExtension.entitlements;
				CODE_SIGN_STYLE = Automatic;
				DEVELOPMENT_TEAM = WJWU38ALPB;
				FRAMEWORK_SEARCH_PATHS = (
					"$(PROJECT_DIR)",
					"\".\"",
				);
				INFOPLIST_FILE = PacketTunnelExtension/Info.plist;
				LD_RUNPATH_SEARCH_PATHS = "@executable_path/Frameworks @executable_path/../../Frameworks";
				OTHER_LDFLAGS = (
					"-lresolv",
				);
				PRODUCT_BUNDLE_IDENTIFIER = com.truvvor.secureconnect.tunnel;
				SDKROOT = iphoneos;
				SWIFT_OBJC_BRIDGING_HEADER = "PacketTunnelExtension/PacketTunnelExtension-Bridging-Header.h";
				SWIFT_VERSION = 5.9;
				TARGETED_DEVICE_FAMILY = "1,2";
			};
			name = Release;
		};
		3E7F0345F2B3BFD1F83338C7 /* Debug */ = {
			isa = XCBuildConfiguration;
			buildSettings = {
				ALWAYS_SEARCH_USER_PATHS = NO;
				CLANG_ANALYZER_NONNULL = YES;
				CLANG_ANALYZER_NUMBER_OBJECT_CONVERSION = YES_AGGRESSIVE;
				CLANG_CXX_LANGUAGE_STANDARD = "gnu++14";
				CLANG_CXX_LIBRARY = "libc++";
				CLANG_ENABLE_MODULES = YES;
				CLANG_ENABLE_OBJC_ARC = YES;
				CLANG_ENABLE_OBJC_WEAK = YES;
				CLANG_WARN_BLOCK_CAPTURE_AUTORELEASING = YES;
				CLANG_WARN_BOOL_CONVERSION = YES;
				CLANG_WARN_COMMA = YES;
				CLANG_WARN_CONSTANT_CONVERSION = YES;
				CLANG_WARN_DEPRECATED_OBJC_IMPLEMENTATIONS = YES;
				CLANG_WARN_DIRECT_OBJC_ISA_USAGE = YES_ERROR;
				CLANG_WARN_DOCUMENTATION_COMMENTS = YES;
				CLANG_WARN_EMPTY_BODY = YES;
				CLANG_WARN_ENUM_CONVERSION = YES;
				CLANG_WARN_INFINITE_RECURSION = YES;
				CLANG_WARN_INT_CONVERSION = YES;
				CLANG_WARN_NON_LITERAL_NULL_CONVERSION = YES;
				CLANG_WARN_OBJC_IMPLICIT_RETAIN_SELF = YES;
				CLANG_WARN_OBJC_LITERAL_CONVERSION = YES;
				CLANG_WARN_OBJC_ROOT_CLASS = YES_ERROR;
				CLANG_WARN_QUOTED_INCLUDE_IN_FRAMEWORK_HEADER = YES;
				CLANG_WARN_RANGE_LOOP_ANALYSIS = YES;
				CLANG_WARN_STRICT_PROTOTYPES = YES;
				CLANG_WARN_SUSPICIOUS_MOVE = YES;
				CLANG_WARN_UNGUARDED_AVAILABILITY = YES_AGGRESSIVE;
				CLANG_WARN_UNREACHABLE_CODE = YES;
				CLANG_WARN__DUPLICATE_METHOD_MATCH = YES;
				COPY_PHASE_STRIP = NO;
				DEBUG_INFORMATION_FORMAT = dwarf;
				ENABLE_STRICT_OBJC_MSGSEND = YES;
				ENABLE_TESTABILITY = YES;
				GCC_C_LANGUAGE_STANDARD = gnu11;
				GCC_DYNAMIC_NO_PIC = NO;
				GCC_NO_COMMON_BLOCKS = YES;
				GCC_OPTIMIZATION_LEVEL = 0;
				GCC_PREPROCESSOR_DEFINITIONS = (
					"$(inherited)",
					"DEBUG=1",
				);
				GCC_WARN_64_TO_32_BIT_CONVERSION = YES;
				GCC_WARN_ABOUT_RETURN_TYPE = YES_ERROR;
				GCC_WARN_UNDECLARED_SELECTOR = YES;
				GCC_WARN_UNINITIALIZED_AUTOS = YES_AGGRESSIVE;
				GCC_WARN_UNUSED_FUNCTION = YES;
				GCC_WARN_UNUSED_VARIABLE = YES;
				IPHONEOS_DEPLOYMENT_TARGET = 18.0;
				MTL_ENABLE_DEBUG_INFO = INCLUDE_SOURCE;
				MTL_FAST_MATH = YES;
				ONLY_ACTIVE_ARCH = YES;
				PRODUCT_NAME = "$(TARGET_NAME)";
				SDKROOT = iphoneos;
				SWIFT_ACTIVE_COMPILATION_CONDITIONS = DEBUG;
				SWIFT_OPTIMIZATION_LEVEL = "-Onone";
				SWIFT_VERSION = 5.0;
			};
			name = Debug;
		};
		C9669CF280482C343B5E77DC /* Release */ = {
			isa = XCBuildConfiguration;
			buildSettings = {
				ALWAYS_SEARCH_USER_PATHS = NO;
				CLANG_ANALYZER_NONNULL = YES;
				CLANG_ANALYZER_NUMBER_OBJECT_CONVERSION = YES_AGGRESSIVE;
				CLANG_CXX_LANGUAGE_STANDARD = "gnu++14";
				CLANG_CXX_LIBRARY = "libc++";
				CLANG_ENABLE_MODULES = YES;
				CLANG_ENABLE_OBJC_ARC = YES;
				CLANG_ENABLE_OBJC_WEAK = YES;
				CLANG_WARN_BLOCK_CAPTURE_AUTORELEASING = YES;
				CLANG_WARN_BOOL_CONVERSION = YES;
				CLANG_WARN_COMMA = YES;
				CLANG_WARN_CONSTANT_CONVERSION = YES;
				CLANG_WARN_DEPRECATED_OBJC_IMPLEMENTATIONS = YES;
				CLANG_WARN_DIRECT_OBJC_ISA_USAGE = YES_ERROR;
				CLANG_WARN_DOCUMENTATION_COMMENTS = YES;
				CLANG_WARN_EMPTY_BODY = YES;
				CLANG_WARN_ENUM_CONVERSION = YES;
				CLANG_WARN_INFINITE_RECURSION = YES;
				CLANG_WARN_INT_CONVERSION = YES;
				CLANG_WARN_NON_LITERAL_NULL_CONVERSION = YES;
				CLANG_WARN_OBJC_IMPLICIT_RETAIN_SELF = YES;
				CLANG_WARN_OBJC_LITERAL_CONVERSION = YES;
				CLANG_WARN_OBJC_ROOT_CLASS = YES_ERROR;
				CLANG_WARN_QUOTED_INCLUDE_IN_FRAMEWORK_HEADER = YES;
				CLANG_WARN_RANGE_LOOP_ANALYSIS = YES;
				CLANG_WARN_STRICT_PROTOTYPES = YES;
				CLANG_WARN_SUSPICIOUS_MOVE = YES;
				CLANG_WARN_UNGUARDED_AVAILABILITY = YES_AGGRESSIVE;
				CLANG_WARN_UNREACHABLE_CODE = YES;
				CLANG_WARN__DUPLICATE_METHOD_MATCH = YES;
				COPY_PHASE_STRIP = NO;
				DEBUG_INFORMATION_FORMAT = "dwarf-with-dsym";
				ENABLE_NS_ASSERTIONS = NO;
				ENABLE_STRICT_OBJC_MSGSEND = YES;
				GCC_C_LANGUAGE_STANDARD = gnu11;
				GCC_NO_COMMON_BLOCKS = YES;
				GCC_WARN_64_TO_32_BIT_CONVERSION = YES;
				GCC_WARN_ABOUT_RETURN_TYPE = YES_ERROR;
				GCC_WARN_UNDECLARED_SELECTOR = YES;
				GCC_WARN_UNINITIALIZED_AUTOS = YES_AGGRESSIVE;
				GCC_WARN_UNUSED_FUNCTION = YES;
				GCC_WARN_UNUSED_VARIABLE = YES;
				IPHONEOS_DEPLOYMENT_TARGET = 18.0;
				MTL_ENABLE_DEBUG_INFO = NO;
				MTL_FAST_MATH = YES;
				PRODUCT_NAME = "$(TARGET_NAME)";
				SDKROOT = iphoneos;
				SWIFT_COMPILATION_MODE = wholemodule;
				SWIFT_OPTIMIZATION_LEVEL = "-O";
				SWIFT_VERSION = 5.0;
			};
			name = Release;
		};
		E935F629688E1590B1B5A4FE /* Release */ = {
			isa = XCBuildConfiguration;
			buildSettings = {
				ASSETCATALOG_COMPILER_APPICON_NAME = AppIcon;
				CODE_SIGN_ENTITLEMENTS = AntiDPIVPN/AntiDPIVPN.entitlements;
				CODE_SIGN_IDENTITY = "iPhone Developer";
				CODE_SIGN_STYLE = Automatic;
				DEVELOPMENT_TEAM = WJWU38ALPB;
				FRAMEWORK_SEARCH_PATHS = (
					"$(PROJECT_DIR)",
					"\".\"",
				);
				INFOPLIST_FILE = AntiDPIVPN/Info.plist;
				LD_RUNPATH_SEARCH_PATHS = "@executable_path/Frameworks";
				OTHER_LDFLAGS = (
					"-lresolv",
				);
				PRODUCT_BUNDLE_IDENTIFIER = com.truvvor.secureconnect;
				SDKROOT = iphoneos;
				SWIFT_OBJC_BRIDGING_HEADER = "AntiDPIVPN/AntiDPIVPN-Bridging-Header.h";
				SWIFT_VERSION = 5.9;
				TARGETED_DEVICE_FAMILY = "1,2";
			};
			name = Release;
		};
		ECD091C2A6A93C29D58B8107 /* Debug */ = {
			isa = XCBuildConfiguration;
			buildSettings = {
				CODE_SIGN_ENTITLEMENTS = PacketTunnelExtension/PacketTunnelExtension.entitlements;
				CODE_SIGN_STYLE = Automatic;
				DEVELOPMENT_TEAM = WJWU38ALPB;
				FRAMEWORK_SEARCH_PATHS = (
					"$(PROJECT_DIR)",
					"\".\"",
				);
				INFOPLIST_FILE = PacketTunnelExtension/Info.plist;
				LD_RUNPATH_SEARCH_PATHS = "@executable_path/Frameworks @executable_path/../../Frameworks";
				OTHER_LDFLAGS = (
					"-lresolv",
				);
				PRODUCT_BUNDLE_IDENTIFIER = com.truvvor.secureconnect.tunnel;
				SDKROOT = iphoneos;
				SWIFT_OBJC_BRIDGING_HEADER = "PacketTunnelExtension/PacketTunnelExtension-Bridging-Header.h";
				SWIFT_VERSION = 5.9;
				TARGETED_DEVICE_FAMILY = "1,2";
			};
			name = Debug;
		};
		F5A719F1DE1F1E1D4D85506A /* Debug */ = {
			isa = XCBuildConfiguration;
			buildSettings = {
				ASSETCATALOG_COMPILER_APPICON_NAME = AppIcon;
				CODE_SIGN_ENTITLEMENTS = AntiDPIVPN/AntiDPIVPN.entitlements;
				CODE_SIGN_IDENTITY = "iPhone Developer";
				CODE_SIGN_STYLE = Automatic;
				DEVELOPMENT_TEAM = WJWU38ALPB;
				FRAMEWORK_SEARCH_PATHS = (
					"$(PROJECT_DIR)",
					"\".\"",
				);
				INFOPLIST_FILE = AntiDPIVPN/Info.plist;
				LD_RUNPATH_SEARCH_PATHS = "@executable_path/Frameworks";
				OTHER_LDFLAGS = (
					"-lresolv",
				);
				PRODUCT_BUNDLE_IDENTIFIER = com.truvvor.secureconnect;
				SDKROOT = iphoneos;
				SWIFT_OBJC_BRIDGING_HEADER = "AntiDPIVPN/AntiDPIVPN-Bridging-Header.h";
				SWIFT_VERSION = 5.9;
				TARGETED_DEVICE_FAMILY = "1,2";
			};
			name = Debug;
		};
/* End XCBuildConfiguration section */

/* Begin XCConfigurationList section */
		02D2AA6916636FA294F64C2F /* Build configuration list for PBXProject "AntiDPIVPN" */ = {
			isa = XCConfigurationList;
			buildConfigurations = (
				3E7F0345F2B3BFD1F83338C7 /* Debug */,
				C9669CF280482C343B5E77DC /* Release */,
			);
			defaultConfigurationIsVisible = 0;
			defaultConfigurationName = Debug;
		};
		533514D48AF306D59CF2816A /* Build configuration list for PBXNativeTarget "AntiDPIVPN" */ = {
			isa = XCConfigurationList;
			buildConfigurations = (
				F5A719F1DE1F1E1D4D85506A /* Debug */,
				E935F629688E1590B1B5A4FE /* Release */,
			);
			defaultConfigurationIsVisible = 0;
			defaultConfigurationName = Debug;
		};
		E00BD005E2D667B7CBF648DF /* Build configuration list for PBXNativeTarget "PacketTunnelExtension" */ = {
			isa = XCConfigurationList;
			buildConfigurations = (
				ECD091C2A6A93C29D58B8107 /* Debug */,
				077E50B73F0275486C0B3C24 /* Release */,
			);
			defaultConfigurationIsVisible = 0;
			defaultConfigurationName = Debug;
		};
/* End XCConfigurationList section */
	};
	rootObject = 9404F8E65ED4C72663ECDB52 /* Project object */;
}
